
Microsoft Visual Studio Solution File, Format Version 12.00
# Visual Studio Version 17
VisualStudioVersion = 17.5.33530.505
MinimumVisualStudioVersion = 10.0.40219.1
Project("{8BC9CEB8-8B4A-11D0-8D11-00A0C91BC942}") = "OOP_HW_6", "OOP_HW_6.vcxproj", "{6AA08DAF-089B-4466-9AEC-69D27D9ED220}"
EndProject
Global
	GlobalSection(SolutionConfigurationPlatforms) = preSolution
		Debug|x64 = Debug|x64
		Debug|x86 = Debug|x86
		Release|x64 = Release|x64
		Release|x86 = Release|x86
	EndGlobalSection
	GlobalSection(ProjectConfigurationPlatforms) = postSolution
		{6AA08DAF-089B-4466-9AEC-69D27D9ED220}.Debug|x64.ActiveCfg = Debug|x64
		{6AA08DAF-089B-4466-9AEC-69D27D9ED220}.Debug|x64.Build.0 = Debug|x64
		{6AA08DAF-089B-4466-9AEC-69D27D9ED220}.Debug|x86.ActiveCfg = Debug|Win32
		{6AA08DAF-089B-4466-9AEC-69D27D9ED220}.Debug|x86.Build.0 = Debug|Win32
		{6AA08DAF-089B-4466-9AEC-69D27D9ED220}.Release|x64.ActiveCfg = Release|x64
		{6AA08DAF-089B-4466-9AEC-69D27D9ED220}.Release|x64.Build.0 = Release|x64
		{6AA08DAF-089B-4466-9AEC-69D27D9ED220}.Release|x86.ActiveCfg = Release|Win32
		{6AA08DAF-089B-4466-9AEC-69D27D9ED220}.Release|x86.Build.0 = Release|Win32
	EndGlobalSection
	GlobalSection(SolutionProperties) = preSolution
		HideSolutionNode = FALSE
	EndGlobalSection
	GlobalSection(ExtensibilityGlobals) = postSolution
		SolutionGuid = {1507FBCF-7698-4CE8-8BC4-5C5BCB5CAFC5}
	EndGlobalSection
EndGlobal
